// !$*UTF8*$!
{
	archiveVersion = 1;
	classes = {
	};
	objectVersion = 50;
	objects = {

/* Begin PBXBuildFile section */
		881F21392461D96400CB4811 /* GalleryCollectionView.swift in Sources */ = {isa = PBXBuildFile; fileRef = 881F21382461D96400CB4811 /* GalleryCollectionView.swift */; };
		881F213D2461F86B00CB4811 /* FetchableResponse.swift in Sources */ = {isa = PBXBuildFile; fileRef = 881F213C2461F86B00CB4811 /* FetchableResponse.swift */; };
		881F213F246205FE00CB4811 /* GalleryCollectionViewCell.swift in Sources */ = {isa = PBXBuildFile; fileRef = 881F213E246205FE00CB4811 /* GalleryCollectionViewCell.swift */; };
		881F21412462064E00CB4811 /* Extensions.swift in Sources */ = {isa = PBXBuildFile; fileRef = 881F21402462064E00CB4811 /* Extensions.swift */; };
		881F214324648EFA00CB4811 /* CountriesList.swift in Sources */ = {isa = PBXBuildFile; fileRef = 881F214224648EFA00CB4811 /* CountriesList.swift */; };
		886019292468968600054B73 /* CountrieListTests.swift in Sources */ = {isa = PBXBuildFile; fileRef = 886019282468968600054B73 /* CountrieListTests.swift */; };
		88DA6621245AFE4900E591C9 /* Result.swift in Sources */ = {isa = PBXBuildFile; fileRef = 88DA6620245AFE4900E591C9 /* Result.swift */; };
		88DA6623245B035200E591C9 /* CountriesViewModel.swift in Sources */ = {isa = PBXBuildFile; fileRef = 88DA6622245B035200E591C9 /* CountriesViewModel.swift */; };
		88DA6627245B11BC00E591C9 /* CountriesResponse.swift in Sources */ = {isa = PBXBuildFile; fileRef = 88DA6626245B11BC00E591C9 /* CountriesResponse.swift */; };
		88DA6629245B124000E591C9 /* DataResponseError.swift in Sources */ = {isa = PBXBuildFile; fileRef = 88DA6628245B124000E591C9 /* DataResponseError.swift */; };
		88DA662C246047A100E591C9 /* CountryViewController.swift in Sources */ = {isa = PBXBuildFile; fileRef = 88DA662A246047A100E591C9 /* CountryViewController.swift */; };
		88DA662D246047A100E591C9 /* CountryViewController.xib in Resources */ = {isa = PBXBuildFile; fileRef = 88DA662B246047A100E591C9 /* CountryViewController.xib */; };
		88E72419245484970013B4D5 /* AppDelegate.swift in Sources */ = {isa = PBXBuildFile; fileRef = 88E72418245484970013B4D5 /* AppDelegate.swift */; };
		88E7241B245484970013B4D5 /* SceneDelegate.swift in Sources */ = {isa = PBXBuildFile; fileRef = 88E7241A245484970013B4D5 /* SceneDelegate.swift */; };
		88E7241D245484970013B4D5 /* CountriesListViewController.swift in Sources */ = {isa = PBXBuildFile; fileRef = 88E7241C245484970013B4D5 /* CountriesListViewController.swift */; };
		88E72420245484970013B4D5 /* Main.storyboard in Resources */ = {isa = PBXBuildFile; fileRef = 88E7241E245484970013B4D5 /* Main.storyboard */; };
		88E72423245484970013B4D5 /* CountriesApp.xcdatamodeld in Sources */ = {isa = PBXBuildFile; fileRef = 88E72421245484970013B4D5 /* CountriesApp.xcdatamodeld */; };
		88E724252454849E0013B4D5 /* Assets.xcassets in Resources */ = {isa = PBXBuildFile; fileRef = 88E724242454849E0013B4D5 /* Assets.xcassets */; };
		88E724282454849E0013B4D5 /* LaunchScreen.storyboard in Resources */ = {isa = PBXBuildFile; fileRef = 88E724262454849E0013B4D5 /* LaunchScreen.storyboard */; };
		88E724332454849E0013B4D5 /* CountriesAppTests.swift in Sources */ = {isa = PBXBuildFile; fileRef = 88E724322454849E0013B4D5 /* CountriesAppTests.swift */; };
		88E7243E24548A5B0013B4D5 /* CoreDataManager.swift in Sources */ = {isa = PBXBuildFile; fileRef = 88E7243D24548A5B0013B4D5 /* CoreDataManager.swift */; };
		88E7244224548B2E0013B4D5 /* CountriesFetcher.swift in Sources */ = {isa = PBXBuildFile; fileRef = 88E7244124548B2E0013B4D5 /* CountriesFetcher.swift */; };
		88E7244424548C850013B4D5 /* CountryViewCell.swift in Sources */ = {isa = PBXBuildFile; fileRef = 88E7244324548C850013B4D5 /* CountryViewCell.swift */; };
		88E7244824548E420013B4D5 /* Country.swift in Sources */ = {isa = PBXBuildFile; fileRef = 88E7244724548E420013B4D5 /* Country.swift */; };
		88E7244C2459AF420013B4D5 /* CountryViewCell.xib in Resources */ = {isa = PBXBuildFile; fileRef = 88E7244B2459AF410013B4D5 /* CountryViewCell.xib */; };
/* End PBXBuildFile section */

/* Begin PBXContainerItemProxy section */
		88E7242F2454849E0013B4D5 /* PBXContainerItemProxy */ = {
			isa = PBXContainerItemProxy;
			containerPortal = 88E7240D245484970013B4D5 /* Project object */;
			proxyType = 1;
			remoteGlobalIDString = 88E72414245484970013B4D5;
			remoteInfo = CountriesApp;
		};
/* End PBXContainerItemProxy section */

/* Begin PBXFileReference section */
		881F21382461D96400CB4811 /* GalleryCollectionView.swift */ = {isa = PBXFileReference; lastKnownFileType = sourcecode.swift; path = GalleryCollectionView.swift; sourceTree = "<group>"; };
		881F213C2461F86B00CB4811 /* FetchableResponse.swift */ = {isa = PBXFileReference; lastKnownFileType = sourcecode.swift; path = FetchableResponse.swift; sourceTree = "<group>"; };
		881F213E246205FE00CB4811 /* GalleryCollectionViewCell.swift */ = {isa = PBXFileReference; lastKnownFileType = sourcecode.swift; path = GalleryCollectionViewCell.swift; sourceTree = "<group>"; };
		881F21402462064E00CB4811 /* Extensions.swift */ = {isa = PBXFileReference; lastKnownFileType = sourcecode.swift; path = Extensions.swift; sourceTree = "<group>"; };
		881F214224648EFA00CB4811 /* CountriesList.swift */ = {isa = PBXFileReference; lastKnownFileType = sourcecode.swift; path = CountriesList.swift; sourceTree = "<group>"; };
		886019282468968600054B73 /* CountrieListTests.swift */ = {isa = PBXFileReference; lastKnownFileType = sourcecode.swift; path = CountrieListTests.swift; sourceTree = "<group>"; };
		88DA6620245AFE4900E591C9 /* Result.swift */ = {isa = PBXFileReference; lastKnownFileType = sourcecode.swift; path = Result.swift; sourceTree = "<group>"; };
		88DA6622245B035200E591C9 /* CountriesViewModel.swift */ = {isa = PBXFileReference; lastKnownFileType = sourcecode.swift; path = CountriesViewModel.swift; sourceTree = "<group>"; };
		88DA6626245B11BC00E591C9 /* CountriesResponse.swift */ = {isa = PBXFileReference; lastKnownFileType = sourcecode.swift; path = CountriesResponse.swift; sourceTree = "<group>"; };
		88DA6628245B124000E591C9 /* DataResponseError.swift */ = {isa = PBXFileReference; lastKnownFileType = sourcecode.swift; path = DataResponseError.swift; sourceTree = "<group>"; };
		88DA662A246047A100E591C9 /* CountryViewController.swift */ = {isa = PBXFileReference; lastKnownFileType = sourcecode.swift; path = CountryViewController.swift; sourceTree = "<group>"; };
		88DA662B246047A100E591C9 /* CountryViewController.xib */ = {isa = PBXFileReference; lastKnownFileType = file.xib; path = CountryViewController.xib; sourceTree = "<group>"; };
		88E72415245484970013B4D5 /* CountriesApp.app */ = {isa = PBXFileReference; explicitFileType = wrapper.application; includeInIndex = 0; path = CountriesApp.app; sourceTree = BUILT_PRODUCTS_DIR; };
		88E72418245484970013B4D5 /* AppDelegate.swift */ = {isa = PBXFileReference; lastKnownFileType = sourcecode.swift; path = AppDelegate.swift; sourceTree = "<group>"; };
		88E7241A245484970013B4D5 /* SceneDelegate.swift */ = {isa = PBXFileReference; lastKnownFileType = sourcecode.swift; path = SceneDelegate.swift; sourceTree = "<group>"; };
		88E7241C245484970013B4D5 /* CountriesListViewController.swift */ = {isa = PBXFileReference; lastKnownFileType = sourcecode.swift; path = CountriesListViewController.swift; sourceTree = "<group>"; };
		88E7241F245484970013B4D5 /* Base */ = {isa = PBXFileReference; lastKnownFileType = file.storyboard; name = Base; path = Base.lproj/Main.storyboard; sourceTree = "<group>"; };
		88E72422245484970013B4D5 /* CountriesApp.xcdatamodel */ = {isa = PBXFileReference; lastKnownFileType = wrapper.xcdatamodel; path = CountriesApp.xcdatamodel; sourceTree = "<group>"; };
		88E724242454849E0013B4D5 /* Assets.xcassets */ = {isa = PBXFileReference; lastKnownFileType = folder.assetcatalog; path = Assets.xcassets; sourceTree = "<group>"; };
		88E724272454849E0013B4D5 /* Base */ = {isa = PBXFileReference; lastKnownFileType = file.storyboard; name = Base; path = Base.lproj/LaunchScreen.storyboard; sourceTree = "<group>"; };
		88E724292454849E0013B4D5 /* Info.plist */ = {isa = PBXFileReference; lastKnownFileType = text.plist.xml; path = Info.plist; sourceTree = "<group>"; };
		88E7242E2454849E0013B4D5 /* CountriesAppTests.xctest */ = {isa = PBXFileReference; explicitFileType = wrapper.cfbundle; includeInIndex = 0; path = CountriesAppTests.xctest; sourceTree = BUILT_PRODUCTS_DIR; };
		88E724322454849E0013B4D5 /* CountriesAppTests.swift */ = {isa = PBXFileReference; lastKnownFileType = sourcecode.swift; path = CountriesAppTests.swift; sourceTree = "<group>"; };
		88E724342454849E0013B4D5 /* Info.plist */ = {isa = PBXFileReference; lastKnownFileType = text.plist.xml; path = Info.plist; sourceTree = "<group>"; };
		88E7243D24548A5B0013B4D5 /* CoreDataManager.swift */ = {isa = PBXFileReference; lastKnownFileType = sourcecode.swift; path = CoreDataManager.swift; sourceTree = "<group>"; };
		88E7244124548B2E0013B4D5 /* CountriesFetcher.swift */ = {isa = PBXFileReference; lastKnownFileType = sourcecode.swift; path = CountriesFetcher.swift; sourceTree = "<group>"; };
		88E7244324548C850013B4D5 /* CountryViewCell.swift */ = {isa = PBXFileReference; lastKnownFileType = sourcecode.swift; path = CountryViewCell.swift; sourceTree = "<group>"; };
		88E7244724548E420013B4D5 /* Country.swift */ = {isa = PBXFileReference; lastKnownFileType = sourcecode.swift; path = Country.swift; sourceTree = "<group>"; };
		88E7244B2459AF410013B4D5 /* CountryViewCell.xib */ = {isa = PBXFileReference; lastKnownFileType = file.xib; path = CountryViewCell.xib; sourceTree = "<group>"; };
/* End PBXFileReference section */

/* Begin PBXFrameworksBuildPhase section */
		88E72412245484970013B4D5 /* Frameworks */ = {
			isa = PBXFrameworksBuildPhase;
			buildActionMask = 2147483647;
			files = (
			);
			runOnlyForDeploymentPostprocessing = 0;
		};
		88E7242B2454849E0013B4D5 /* Frameworks */ = {
			isa = PBXFrameworksBuildPhase;
			buildActionMask = 2147483647;
			files = (
			);
			runOnlyForDeploymentPostprocessing = 0;
		};
/* End PBXFrameworksBuildPhase section */

/* Begin PBXGroup section */
		88DA6624245B070A00E591C9 /* Model */ = {
			isa = PBXGroup;
			children = (
				881F213E246205FE00CB4811 /* GalleryCollectionViewCell.swift */,
				88E7244324548C850013B4D5 /* CountryViewCell.swift */,
				88DA6622245B035200E591C9 /* CountriesViewModel.swift */,
			);
			path = Model;
			sourceTree = "<group>";
		};
		88DA6625245B078400E591C9 /* Controller */ = {
			isa = PBXGroup;
			children = (
				88E7241C245484970013B4D5 /* CountriesListViewController.swift */,
				88DA662A246047A100E591C9 /* CountryViewController.swift */,
				881F21382461D96400CB4811 /* GalleryCollectionView.swift */,
			);
			path = Controller;
			sourceTree = "<group>";
		};
		88E7240C245484970013B4D5 = {
			isa = PBXGroup;
			children = (
				88E72417245484970013B4D5 /* CountriesApp */,
				88E724312454849E0013B4D5 /* CountriesAppTests */,
				88E72416245484970013B4D5 /* Products */,
			);
			sourceTree = "<group>";
		};
		88E72416245484970013B4D5 /* Products */ = {
			isa = PBXGroup;
			children = (
				88E72415245484970013B4D5 /* CountriesApp.app */,
				88E7242E2454849E0013B4D5 /* CountriesAppTests.xctest */,
			);
			name = Products;
			sourceTree = "<group>";
		};
		88E72417245484970013B4D5 /* CountriesApp */ = {
			isa = PBXGroup;
			children = (
				88E72418245484970013B4D5 /* AppDelegate.swift */,
				88E7241A245484970013B4D5 /* SceneDelegate.swift */,
				881F21402462064E00CB4811 /* Extensions.swift */,
				88DA6625245B078400E591C9 /* Controller */,
				88DA6624245B070A00E591C9 /* Model */,
				88E7244024548AEE0013B4D5 /* Storage */,
				88E7243F24548AD60013B4D5 /* Network */,
				88E7241E245484970013B4D5 /* Main.storyboard */,
				88E7244B2459AF410013B4D5 /* CountryViewCell.xib */,
				88DA662B246047A100E591C9 /* CountryViewController.xib */,
				88E724242454849E0013B4D5 /* Assets.xcassets */,
				88E724262454849E0013B4D5 /* LaunchScreen.storyboard */,
				88E724292454849E0013B4D5 /* Info.plist */,
				88E72421245484970013B4D5 /* CountriesApp.xcdatamodeld */,
			);
			path = CountriesApp;
			sourceTree = "<group>";
		};
		88E724312454849E0013B4D5 /* CountriesAppTests */ = {
			isa = PBXGroup;
			children = (
				88E724322454849E0013B4D5 /* CountriesAppTests.swift */,
				886019282468968600054B73 /* CountrieListTests.swift */,
				88E724342454849E0013B4D5 /* Info.plist */,
			);
			path = CountriesAppTests;
			sourceTree = "<group>";
		};
		88E7243F24548AD60013B4D5 /* Network */ = {
			isa = PBXGroup;
			children = (
				88E7244124548B2E0013B4D5 /* CountriesFetcher.swift */,
				88DA6628245B124000E591C9 /* DataResponseError.swift */,
				88DA6626245B11BC00E591C9 /* CountriesResponse.swift */,
				881F213C2461F86B00CB4811 /* FetchableResponse.swift */,
				88DA6620245AFE4900E591C9 /* Result.swift */,
			);
			path = Network;
			sourceTree = "<group>";
		};
		88E7244024548AEE0013B4D5 /* Storage */ = {
			isa = PBXGroup;
			children = (
				88E7243D24548A5B0013B4D5 /* CoreDataManager.swift */,
				88E7244724548E420013B4D5 /* Country.swift */,
				881F214224648EFA00CB4811 /* CountriesList.swift */,
			);
			path = Storage;
			sourceTree = "<group>";
		};
/* End PBXGroup section */

/* Begin PBXNativeTarget section */
		88E72414245484970013B4D5 /* CountriesApp */ = {
			isa = PBXNativeTarget;
			buildConfigurationList = 88E724372454849E0013B4D5 /* Build configuration list for PBXNativeTarget "CountriesApp" */;
			buildPhases = (
				88E72411245484970013B4D5 /* Sources */,
				88E72412245484970013B4D5 /* Frameworks */,
				88E72413245484970013B4D5 /* Resources */,
			);
			buildRules = (
			);
			dependencies = (
			);
			name = CountriesApp;
			productName = CountriesApp;
			productReference = 88E72415245484970013B4D5 /* CountriesApp.app */;
			productType = "com.apple.product-type.application";
		};
		88E7242D2454849E0013B4D5 /* CountriesAppTests */ = {
			isa = PBXNativeTarget;
			buildConfigurationList = 88E7243A2454849E0013B4D5 /* Build configuration list for PBXNativeTarget "CountriesAppTests" */;
			buildPhases = (
				88E7242A2454849E0013B4D5 /* Sources */,
				88E7242B2454849E0013B4D5 /* Frameworks */,
				88E7242C2454849E0013B4D5 /* Resources */,
			);
			buildRules = (
			);
			dependencies = (
				88E724302454849E0013B4D5 /* PBXTargetDependency */,
			);
			name = CountriesAppTests;
			productName = CountriesAppTests;
			productReference = 88E7242E2454849E0013B4D5 /* CountriesAppTests.xctest */;
			productType = "com.apple.product-type.bundle.unit-test";
		};
/* End PBXNativeTarget section */

/* Begin PBXProject section */
		88E7240D245484970013B4D5 /* Project object */ = {
			isa = PBXProject;
			attributes = {
				LastSwiftUpdateCheck = 1140;
				LastUpgradeCheck = 1140;
				ORGANIZATIONNAME = "Maksim Torburg";
				TargetAttributes = {
					88E72414245484970013B4D5 = {
						CreatedOnToolsVersion = 11.4.1;
					};
					88E7242D2454849E0013B4D5 = {
						CreatedOnToolsVersion = 11.4.1;
						TestTargetID = 88E72414245484970013B4D5;
					};
				};
			};
			buildConfigurationList = 88E72410245484970013B4D5 /* Build configuration list for PBXProject "CountriesApp" */;
			compatibilityVersion = "Xcode 9.3";
			developmentRegion = en;
			hasScannedForEncodings = 0;
			knownRegions = (
				en,
				Base,
			);
			mainGroup = 88E7240C245484970013B4D5;
			productRefGroup = 88E72416245484970013B4D5 /* Products */;
			projectDirPath = "";
			projectRoot = "";
			targets = (
				88E72414245484970013B4D5 /* CountriesApp */,
				88E7242D2454849E0013B4D5 /* CountriesAppTests */,
			);
		};
/* End PBXProject section */

/* Begin PBXResourcesBuildPhase section */
		88E72413245484970013B4D5 /* Resources */ = {
			isa = PBXResourcesBuildPhase;
			buildActionMask = 2147483647;
			files = (
				88E724282454849E0013B4D5 /* LaunchScreen.storyboard in Resources */,
				88DA662D246047A100E591C9 /* CountryViewController.xib in Resources */,
				88E724252454849E0013B4D5 /* Assets.xcassets in Resources */,
				88E72420245484970013B4D5 /* Main.storyboard in Resources */,
				88E7244C2459AF420013B4D5 /* CountryViewCell.xib in Resources */,
			);
			runOnlyForDeploymentPostprocessing = 0;
		};
		88E7242C2454849E0013B4D5 /* Resources */ = {
			isa = PBXResourcesBuildPhase;
			buildActionMask = 2147483647;
			files = (
			);
			runOnlyForDeploymentPostprocessing = 0;
		};
/* End PBXResourcesBuildPhase section */

/* Begin PBXSourcesBuildPhase section */
		88E72411245484970013B4D5 /* Sources */ = {
			isa = PBXSourcesBuildPhase;
			buildActionMask = 2147483647;
			files = (
				88E7241D245484970013B4D5 /* CountriesListViewController.swift in Sources */,
				881F213F246205FE00CB4811 /* GalleryCollectionViewCell.swift in Sources */,
				881F214324648EFA00CB4811 /* CountriesList.swift in Sources */,
				88E7244824548E420013B4D5 /* Country.swift in Sources */,
				88E72419245484970013B4D5 /* AppDelegate.swift in Sources */,
				88E7244424548C850013B4D5 /* CountryViewCell.swift in Sources */,
				88DA6623245B035200E591C9 /* CountriesViewModel.swift in Sources */,
				88DA6627245B11BC00E591C9 /* CountriesResponse.swift in Sources */,
				881F213D2461F86B00CB4811 /* FetchableResponse.swift in Sources */,
				88E72423245484970013B4D5 /* CountriesApp.xcdatamodeld in Sources */,
				881F21392461D96400CB4811 /* GalleryCollectionView.swift in Sources */,
				88E7243E24548A5B0013B4D5 /* CoreDataManager.swift in Sources */,
				88DA6621245AFE4900E591C9 /* Result.swift in Sources */,
				88DA6629245B124000E591C9 /* DataResponseError.swift in Sources */,
				88E7244224548B2E0013B4D5 /* CountriesFetcher.swift in Sources */,
				88E7241B245484970013B4D5 /* SceneDelegate.swift in Sources */,
				88DA662C246047A100E591C9 /* CountryViewController.swift in Sources */,
				881F21412462064E00CB4811 /* Extensions.swift in Sources */,
			);
			runOnlyForDeploymentPostprocessing = 0;
		};
		88E7242A2454849E0013B4D5 /* Sources */ = {
			isa = PBXSourcesBuildPhase;
			buildActionMask = 2147483647;
			files = (
				886019292468968600054B73 /* CountrieListTests.swift in Sources */,
				88E724332454849E0013B4D5 /* CountriesAppTests.swift in Sources */,
			);
			runOnlyForDeploymentPostprocessing = 0;
		};
/* End PBXSourcesBuildPhase section */

/* Begin PBXTargetDependency section */
		88E724302454849E0013B4D5 /* PBXTargetDependency */ = {
			isa = PBXTargetDependency;
			target = 88E72414245484970013B4D5 /* CountriesApp */;
			targetProxy = 88E7242F2454849E0013B4D5 /* PBXContainerItemProxy */;
		};
/* End PBXTargetDependency section */

/* Begin PBXVariantGroup section */
		88E7241E245484970013B4D5 /* Main.storyboard */ = {
			isa = PBXVariantGroup;
			children = (
				88E7241F245484970013B4D5 /* Base */,
			);
			name = Main.storyboard;
			sourceTree = "<group>";
		};
		88E724262454849E0013B4D5 /* LaunchScreen.storyboard */ = {
			isa = PBXVariantGroup;
			children = (
				88E724272454849E0013B4D5 /* Base */,
			);
			name = LaunchScreen.storyboard;
			sourceTree = "<group>";
		};
/* End PBXVariantGroup section */

/* Begin XCBuildConfiguration section */
		88E724352454849E0013B4D5 /* Debug */ = {
			isa = XCBuildConfiguration;
			buildSettings = {
				ALWAYS_SEARCH_USER_PATHS = NO;
				CLANG_ANALYZER_NONNULL = YES;
				CLANG_ANALYZER_NUMBER_OBJECT_CONVERSION = YES_AGGRESSIVE;
				CLANG_CXX_LANGUAGE_STANDARD = "gnu++14";
				CLANG_CXX_LIBRARY = "libc++";
				CLANG_ENABLE_MODULES = YES;
				CLANG_ENABLE_OBJC_ARC = YES;
				CLANG_ENABLE_OBJC_WEAK = YES;
				CLANG_WARN_BLOCK_CAPTURE_AUTORELEASING = YES;
				CLANG_WARN_BOOL_CONVERSION = YES;
				CLANG_WARN_COMMA = YES;
				CLANG_WARN_CONSTANT_CONVERSION = YES;
				CLANG_WARN_DEPRECATED_OBJC_IMPLEMENTATIONS = YES;
				CLANG_WARN_DIRECT_OBJC_ISA_USAGE = YES_ERROR;
				CLANG_WARN_DOCUMENTATION_COMMENTS = YES;
				CLANG_WARN_EMPTY_BODY = YES;
				CLANG_WARN_ENUM_CONVERSION = YES;
				CLANG_WARN_INFINITE_RECURSION = YES;
				CLANG_WARN_INT_CONVERSION = YES;
				CLANG_WARN_NON_LITERAL_NULL_CONVERSION = YES;
				CLANG_WARN_OBJC_IMPLICIT_RETAIN_SELF = YES;
				CLANG_WARN_OBJC_LITERAL_CONVERSION = YES;
				CLANG_WARN_OBJC_ROOT_CLASS = YES_ERROR;
				CLANG_WARN_RANGE_LOOP_ANALYSIS = YES;
				CLANG_WARN_STRICT_PROTOTYPES = YES;
				CLANG_WARN_SUSPICIOUS_MOVE = YES;
				CLANG_WARN_UNGUARDED_AVAILABILITY = YES_AGGRESSIVE;
				CLANG_WARN_UNREACHABLE_CODE = YES;
				CLANG_WARN__DUPLICATE_METHOD_MATCH = YES;
				COPY_PHASE_STRIP = NO;
				DEBUG_INFORMATION_FORMAT = dwarf;
				ENABLE_STRICT_OBJC_MSGSEND = YES;
				ENABLE_TESTABILITY = YES;
				GCC_C_LANGUAGE_STANDARD = gnu11;
				GCC_DYNAMIC_NO_PIC = NO;
				GCC_NO_COMMON_BLOCKS = YES;
				GCC_OPTIMIZATION_LEVEL = 0;
				GCC_PREPROCESSOR_DEFINITIONS = (
					"DEBUG=1",
					"$(inherited)",
				);
				GCC_WARN_64_TO_32_BIT_CONVERSION = YES;
				GCC_WARN_ABOUT_RETURN_TYPE = YES_ERROR;
				GCC_WARN_UNDECLARED_SELECTOR = YES;
				GCC_WARN_UNINITIALIZED_AUTOS = YES_AGGRESSIVE;
				GCC_WARN_UNUSED_FUNCTION = YES;
				GCC_WARN_UNUSED_VARIABLE = YES;
				IPHONEOS_DEPLOYMENT_TARGET = 13.4;
				MTL_ENABLE_DEBUG_INFO = INCLUDE_SOURCE;
				MTL_FAST_MATH = YES;
				ONLY_ACTIVE_ARCH = YES;
				SDKROOT = iphoneos;
				SWIFT_ACTIVE_COMPILATION_CONDITIONS = DEBUG;
				SWIFT_OPTIMIZATION_LEVEL = "-Onone";
			};
			name = Debug;
		};
		88E724362454849E0013B4D5 /* Release */ = {
			isa = XCBuildConfiguration;
			buildSettings = {
				ALWAYS_SEARCH_USER_PATHS = NO;
				CLANG_ANALYZER_NONNULL = YES;
				CLANG_ANALYZER_NUMBER_OBJECT_CONVERSION = YES_AGGRESSIVE;
				CLANG_CXX_LANGUAGE_STANDARD = "gnu++14";
				CLANG_CXX_LIBRARY = "libc++";
				CLANG_ENABLE_MODULES = YES;
				CLANG_ENABLE_OBJC_ARC = YES;
				CLANG_ENABLE_OBJC_WEAK = YES;
				CLANG_WARN_BLOCK_CAPTURE_AUTORELEASING = YES;
				CLANG_WARN_BOOL_CONVERSION = YES;
				CLANG_WARN_COMMA = YES;
				CLANG_WARN_CONSTANT_CONVERSION = YES;
				CLANG_WARN_DEPRECATED_OBJC_IMPLEMENTATIONS = YES;
				CLANG_WARN_DIRECT_OBJC_ISA_USAGE = YES_ERROR;
				CLANG_WARN_DOCUMENTATION_COMMENTS = YES;
				CLANG_WARN_EMPTY_BODY = YES;
				CLANG_WARN_ENUM_CONVERSION = YES;
				CLANG_WARN_INFINITE_RECURSION = YES;
				CLANG_WARN_INT_CONVERSION = YES;
				CLANG_WARN_NON_LITERAL_NULL_CONVERSION = YES;
				CLANG_WARN_OBJC_IMPLICIT_RETAIN_SELF = YES;
				CLANG_WARN_OBJC_LITERAL_CONVERSION = YES;
				CLANG_WARN_OBJC_ROOT_CLASS = YES_ERROR;
				CLANG_WARN_RANGE_LOOP_ANALYSIS = YES;
				CLANG_WARN_STRICT_PROTOTYPES = YES;
				CLANG_WARN_SUSPICIOUS_MOVE = YES;
				CLANG_WARN_UNGUARDED_AVAILABILITY = YES_AGGRESSIVE;
				CLANG_WARN_UNREACHABLE_CODE = YES;
				CLANG_WARN__DUPLICATE_METHOD_MATCH = YES;
				COPY_PHASE_STRIP = NO;
				DEBUG_INFORMATION_FORMAT = "dwarf-with-dsym";
				ENABLE_NS_ASSERTIONS = NO;
				ENABLE_STRICT_OBJC_MSGSEND = YES;
				GCC_C_LANGUAGE_STANDARD = gnu11;
				GCC_NO_COMMON_BLOCKS = YES;
				GCC_WARN_64_TO_32_BIT_CONVERSION = YES;
				GCC_WARN_ABOUT_RETURN_TYPE = YES_ERROR;
				GCC_WARN_UNDECLARED_SELECTOR = YES;
				GCC_WARN_UNINITIALIZED_AUTOS = YES_AGGRESSIVE;
				GCC_WARN_UNUSED_FUNCTION = YES;
				GCC_WARN_UNUSED_VARIABLE = YES;
				IPHONEOS_DEPLOYMENT_TARGET = 13.4;
				MTL_ENABLE_DEBUG_INFO = NO;
				MTL_FAST_MATH = YES;
				SDKROOT = iphoneos;
				SWIFT_COMPILATION_MODE = wholemodule;
				SWIFT_OPTIMIZATION_LEVEL = "-O";
				VALIDATE_PRODUCT = YES;
			};
			name = Release;
		};
		88E724382454849E0013B4D5 /* Debug */ = {
			isa = XCBuildConfiguration;
			buildSettings = {
				ASSETCATALOG_COMPILER_APPICON_NAME = AppIcon;
				CODE_SIGN_STYLE = Automatic;
				DEVELOPMENT_TEAM = 97W4UY3T4N;
				INFOPLIST_FILE = CountriesApp/Info.plist;
				LD_RUNPATH_SEARCH_PATHS = (
					"$(inherited)",
					"@executable_path/Frameworks",
				);
				PRODUCT_BUNDLE_IDENTIFIER = net.torburg.CountriesApp;
				PRODUCT_NAME = "$(TARGET_NAME)";
				SWIFT_VERSION = 5.0;
				TARGETED_DEVICE_FAMILY = "1,2";
			};
			name = Debug;
		};
		88E724392454849E0013B4D5 /* Release */ = {
			isa = XCBuildConfiguration;
			buildSettings = {
				ASSETCATALOG_COMPILER_APPICON_NAME = AppIcon;
				CODE_SIGN_STYLE = Automatic;
				DEVELOPMENT_TEAM = 97W4UY3T4N;
				INFOPLIST_FILE = CountriesApp/Info.plist;
				LD_RUNPATH_SEARCH_PATHS = (
					"$(inherited)",
					"@executable_path/Frameworks",
				);
				PRODUCT_BUNDLE_IDENTIFIER = net.torburg.CountriesApp;
				PRODUCT_NAME = "$(TARGET_NAME)";
				SWIFT_VERSION = 5.0;
				TARGETED_DEVICE_FAMILY = "1,2";
			};
			name = Release;
		};
		88E7243B2454849E0013B4D5 /* Debug */ = {
			isa = XCBuildConfiguration;
			buildSettings = {
				ALWAYS_EMBED_SWIFT_STANDARD_LIBRARIES = YES;
				BUNDLE_LOADER = "$(TEST_HOST)";
				CODE_SIGN_STYLE = Automatic;
				DEVELOPMENT_TEAM = 97W4UY3T4N;
				INFOPLIST_FILE = CountriesAppTests/Info.plist;
				IPHONEOS_DEPLOYMENT_TARGET = 13.4;
				LD_RUNPATH_SEARCH_PATHS = (
					"$(inherited)",
					"@executable_path/Frameworks",
					"@loader_path/Frameworks",
				);
				PRODUCT_BUNDLE_IDENTIFIER = net.torburg.CountriesAppTests;
				PRODUCT_NAME = "$(TARGET_NAME)";
				SWIFT_VERSION = 5.0;
				TARGETED_DEVICE_FAMILY = "1,2";
				TEST_HOST = "$(BUILT_PRODUCTS_DIR)/CountriesApp.app/CountriesApp";
			};
			name = Debug;
		};
		88E7243C2454849E0013B4D5 /* Release */ = {
			isa = XCBuildConfiguration;
			buildSettings = {
				ALWAYS_EMBED_SWIFT_STANDARD_LIBRARIES = YES;
				BUNDLE_LOADER = "$(TEST_HOST)";
				CODE_SIGN_STYLE = Automatic;
				DEVELOPMENT_TEAM = 97W4UY3T4N;
				INFOPLIST_FILE = CountriesAppTests/Info.plist;
				IPHONEOS_DEPLOYMENT_TARGET = 13.4;
				LD_RUNPATH_SEARCH_PATHS = (
					"$(inherited)",
					"@executable_path/Frameworks",
					"@loader_path/Frameworks",
				);
				PRODUCT_BUNDLE_IDENTIFIER = net.torburg.CountriesAppTests;
				PRODUCT_NAME = "$(TARGET_NAME)";
				SWIFT_VERSION = 5.0;
				TARGETED_DEVICE_FAMILY = "1,2";
				TEST_HOST = "$(BUILT_PRODUCTS_DIR)/CountriesApp.app/CountriesApp";
			};
			name = Release;
		};
/* End XCBuildConfiguration section */

/* Begin XCConfigurationList section */
		88E72410245484970013B4D5 /* Build configuration list for PBXProject "CountriesApp" */ = {
			isa = XCConfigurationList;
			buildConfigurations = (
				88E724352454849E0013B4D5 /* Debug */,
				88E724362454849E0013B4D5 /* Release */,
			);
			defaultConfigurationIsVisible = 0;
			defaultConfigurationName = Release;
		};
		88E724372454849E0013B4D5 /* Build configuration list for PBXNativeTarget "CountriesApp" */ = {
			isa = XCConfigurationList;
			buildConfigurations = (
				88E724382454849E0013B4D5 /* Debug */,
				88E724392454849E0013B4D5 /* Release */,
			);
			defaultConfigurationIsVisible = 0;
			defaultConfigurationName = Release;
		};
		88E7243A2454849E0013B4D5 /* Build configuration list for PBXNativeTarget "CountriesAppTests" */ = {
			isa = XCConfigurationList;
			buildConfigurations = (
				88E7243B2454849E0013B4D5 /* Debug */,
				88E7243C2454849E0013B4D5 /* Release */,
			);
			defaultConfigurationIsVisible = 0;
			defaultConfigurationName = Release;
		};
/* End XCConfigurationList section */

/* Begin XCVersionGroup section */
		88E72421245484970013B4D5 /* CountriesApp.xcdatamodeld */ = {
			isa = XCVersionGroup;
			children = (
				88E72422245484970013B4D5 /* CountriesApp.xcdatamodel */,
			);
			currentVersion = 88E72422245484970013B4D5 /* CountriesApp.xcdatamodel */;
			path = CountriesApp.xcdatamodeld;
			sourceTree = "<group>";
			versionGroupType = wrapper.xcdatamodel;
		};
/* End XCVersionGroup section */
	};
	rootObject = 88E7240D245484970013B4D5 /* Project object */;
}
